// !$*UTF8*$!
{
	archiveVersion = 1;
	classes = {
	};
	objectVersion = 46;
	objects = {

/* Begin PBXBuildFile section */
		0C01F50F1D63DE30005C6284 /* Detail.storyboard in Resources */ = {isa = PBXBuildFile; fileRef = 0C01F50E1D63DE30005C6284 /* Detail.storyboard */; };
		0C01F5111D63DE79005C6284 /* Map.storyboard in Resources */ = {isa = PBXBuildFile; fileRef = 0C01F5101D63DE79005C6284 /* Map.storyboard */; };
		0C01F5131D63E0D1005C6284 /* Main.storyboard in Resources */ = {isa = PBXBuildFile; fileRef = 0C01F5121D63E0D1005C6284 /* Main.storyboard */; };
		0C01F5171D63E163005C6284 /* UIColor+CustomColors.swift in Sources */ = {isa = PBXBuildFile; fileRef = 0C01F5161D63E163005C6284 /* UIColor+CustomColors.swift */; };
		42E1C09876C221133E64278A /* libPods-Trail of HistoryUITests.a in Frameworks */ = {isa = PBXBuildFile; fileRef = 6819F683BC7B57D1B038577B /* libPods-Trail of HistoryUITests.a */; };
		4D8B764C1C97944300A70B71 /* AppDelegate.swift in Sources */ = {isa = PBXBuildFile; fileRef = 4D8B764B1C97944300A70B71 /* AppDelegate.swift */; };
		4D8B764E1C97944300A70B71 /* ListViewController.swift in Sources */ = {isa = PBXBuildFile; fileRef = 4D8B764D1C97944300A70B71 /* ListViewController.swift */; };
		4D8B76511C97944300A70B71 /* List.storyboard in Resources */ = {isa = PBXBuildFile; fileRef = 4D8B764F1C97944300A70B71 /* List.storyboard */; };
		4D8B76541C97944300A70B71 /* Trail_of_History.xcdatamodeld in Sources */ = {isa = PBXBuildFile; fileRef = 4D8B76521C97944300A70B71 /* Trail_of_History.xcdatamodeld */; };
		4D8B76561C97944300A70B71 /* Assets.xcassets in Resources */ = {isa = PBXBuildFile; fileRef = 4D8B76551C97944300A70B71 /* Assets.xcassets */; };
		4D8B76591C97944300A70B71 /* LaunchScreen.storyboard in Resources */ = {isa = PBXBuildFile; fileRef = 4D8B76571C97944300A70B71 /* LaunchScreen.storyboard */; };
		4D8B76641C97944300A70B71 /* Trail_of_HistoryTests.swift in Sources */ = {isa = PBXBuildFile; fileRef = 4D8B76631C97944300A70B71 /* Trail_of_HistoryTests.swift */; };
		4D8B766F1C97944300A70B71 /* Trail_of_HistoryUITests.swift in Sources */ = {isa = PBXBuildFile; fileRef = 4D8B766E1C97944300A70B71 /* Trail_of_HistoryUITests.swift */; };
		57F40B2E1D7BE47D005C0895 /* PointOfInterest.swift in Sources */ = {isa = PBXBuildFile; fileRef = 57F40B2D1D7BE47D005C0895 /* PointOfInterest.swift */; };
		7D9743FF95FCFD7F1D1FBC6C /* libPods-Trail of HistoryTests.a in Frameworks */ = {isa = PBXBuildFile; fileRef = E782C1F1E94857E57798C11C /* libPods-Trail of HistoryTests.a */; };
		D55DD5497ED6E9DC2DE818A2 /* libPods-Trail of History.a in Frameworks */ = {isa = PBXBuildFile; fileRef = B0F4A62E84B6CADF0D87F52E /* libPods-Trail of History.a */; };
/* End PBXBuildFile section */

/* Begin PBXContainerItemProxy section */
		4D8B76601C97944300A70B71 /* PBXContainerItemProxy */ = {
			isa = PBXContainerItemProxy;
			containerPortal = 4D8B76401C97944300A70B71 /* Project object */;
			proxyType = 1;
			remoteGlobalIDString = 4D8B76471C97944300A70B71;
			remoteInfo = "Trail of History";
		};
		4D8B766B1C97944300A70B71 /* PBXContainerItemProxy */ = {
			isa = PBXContainerItemProxy;
			containerPortal = 4D8B76401C97944300A70B71 /* Project object */;
			proxyType = 1;
			remoteGlobalIDString = 4D8B76471C97944300A70B71;
			remoteInfo = "Trail of History";
		};
/* End PBXContainerItemProxy section */

/* Begin PBXFileReference section */
		0C01F50E1D63DE30005C6284 /* Detail.storyboard */ = {isa = PBXFileReference; fileEncoding = 4; lastKnownFileType = file.storyboard; path = Detail.storyboard; sourceTree = "<group>"; };
		0C01F5101D63DE79005C6284 /* Map.storyboard */ = {isa = PBXFileReference; fileEncoding = 4; lastKnownFileType = file.storyboard; path = Map.storyboard; sourceTree = "<group>"; };
		0C01F5121D63E0D1005C6284 /* Main.storyboard */ = {isa = PBXFileReference; fileEncoding = 4; lastKnownFileType = file.storyboard; path = Main.storyboard; sourceTree = "<group>"; };
		0C01F5161D63E163005C6284 /* UIColor+CustomColors.swift */ = {isa = PBXFileReference; fileEncoding = 4; lastKnownFileType = sourcecode.swift; path = "UIColor+CustomColors.swift"; sourceTree = "<group>"; };
		1AE6F9D0FBB3617FE62EAA1E /* Pods-Trail of HistoryUITests.release.xcconfig */ = {isa = PBXFileReference; includeInIndex = 1; lastKnownFileType = text.xcconfig; name = "Pods-Trail of HistoryUITests.release.xcconfig"; path = "Pods/Target Support Files/Pods-Trail of HistoryUITests/Pods-Trail of HistoryUITests.release.xcconfig"; sourceTree = "<group>"; };
		4D8B76481C97944300A70B71 /* Trail of History.app */ = {isa = PBXFileReference; explicitFileType = wrapper.application; includeInIndex = 0; path = "Trail of History.app"; sourceTree = BUILT_PRODUCTS_DIR; };
		4D8B764B1C97944300A70B71 /* AppDelegate.swift */ = {isa = PBXFileReference; lastKnownFileType = sourcecode.swift; path = AppDelegate.swift; sourceTree = "<group>"; };
		4D8B764D1C97944300A70B71 /* ListViewController.swift */ = {isa = PBXFileReference; lastKnownFileType = sourcecode.swift; path = ListViewController.swift; sourceTree = "<group>"; };
		4D8B76501C97944300A70B71 /* Base */ = {isa = PBXFileReference; lastKnownFileType = file.storyboard; name = Base; path = Base.lproj/List.storyboard; sourceTree = "<group>"; };
		4D8B76531C97944300A70B71 /* Trail_of_History.xcdatamodel */ = {isa = PBXFileReference; lastKnownFileType = wrapper.xcdatamodel; path = Trail_of_History.xcdatamodel; sourceTree = "<group>"; };
		4D8B76551C97944300A70B71 /* Assets.xcassets */ = {isa = PBXFileReference; lastKnownFileType = folder.assetcatalog; path = Assets.xcassets; sourceTree = "<group>"; };
		4D8B76581C97944300A70B71 /* Base */ = {isa = PBXFileReference; lastKnownFileType = file.storyboard; name = Base; path = Base.lproj/LaunchScreen.storyboard; sourceTree = "<group>"; };
		4D8B765A1C97944300A70B71 /* Info.plist */ = {isa = PBXFileReference; lastKnownFileType = text.plist.xml; path = Info.plist; sourceTree = "<group>"; };
		4D8B765F1C97944300A70B71 /* Trail of HistoryTests.xctest */ = {isa = PBXFileReference; explicitFileType = wrapper.cfbundle; includeInIndex = 0; path = "Trail of HistoryTests.xctest"; sourceTree = BUILT_PRODUCTS_DIR; };
		4D8B76631C97944300A70B71 /* Trail_of_HistoryTests.swift */ = {isa = PBXFileReference; lastKnownFileType = sourcecode.swift; path = Trail_of_HistoryTests.swift; sourceTree = "<group>"; };
		4D8B76651C97944300A70B71 /* Info.plist */ = {isa = PBXFileReference; lastKnownFileType = text.plist.xml; path = Info.plist; sourceTree = "<group>"; };
		4D8B766A1C97944300A70B71 /* Trail of HistoryUITests.xctest */ = {isa = PBXFileReference; explicitFileType = wrapper.cfbundle; includeInIndex = 0; path = "Trail of HistoryUITests.xctest"; sourceTree = BUILT_PRODUCTS_DIR; };
		4D8B766E1C97944300A70B71 /* Trail_of_HistoryUITests.swift */ = {isa = PBXFileReference; lastKnownFileType = sourcecode.swift; path = Trail_of_HistoryUITests.swift; sourceTree = "<group>"; };
		4D8B76701C97944300A70B71 /* Info.plist */ = {isa = PBXFileReference; lastKnownFileType = text.plist.xml; path = Info.plist; sourceTree = "<group>"; };
		57F40B2D1D7BE47D005C0895 /* PointOfInterest.swift */ = {isa = PBXFileReference; fileEncoding = 4; lastKnownFileType = sourcecode.swift; path = PointOfInterest.swift; sourceTree = "<group>"; };
		6819F683BC7B57D1B038577B /* libPods-Trail of HistoryUITests.a */ = {isa = PBXFileReference; explicitFileType = archive.ar; includeInIndex = 0; path = "libPods-Trail of HistoryUITests.a"; sourceTree = BUILT_PRODUCTS_DIR; };
		76AF73CDE538ABAF63E8AF80 /* Pods-Trail of History.release.xcconfig */ = {isa = PBXFileReference; includeInIndex = 1; lastKnownFileType = text.xcconfig; name = "Pods-Trail of History.release.xcconfig"; path = "Pods/Target Support Files/Pods-Trail of History/Pods-Trail of History.release.xcconfig"; sourceTree = "<group>"; };
		B0F4A62E84B6CADF0D87F52E /* libPods-Trail of History.a */ = {isa = PBXFileReference; explicitFileType = archive.ar; includeInIndex = 0; path = "libPods-Trail of History.a"; sourceTree = BUILT_PRODUCTS_DIR; };
		B871060422552ADBD224313B /* Pods-Trail of HistoryUITests.debug.xcconfig */ = {isa = PBXFileReference; includeInIndex = 1; lastKnownFileType = text.xcconfig; name = "Pods-Trail of HistoryUITests.debug.xcconfig"; path = "Pods/Target Support Files/Pods-Trail of HistoryUITests/Pods-Trail of HistoryUITests.debug.xcconfig"; sourceTree = "<group>"; };
		BE93A2DEF2E24A01E153EF71 /* Pods-Trail of HistoryTests.release.xcconfig */ = {isa = PBXFileReference; includeInIndex = 1; lastKnownFileType = text.xcconfig; name = "Pods-Trail of HistoryTests.release.xcconfig"; path = "Pods/Target Support Files/Pods-Trail of HistoryTests/Pods-Trail of HistoryTests.release.xcconfig"; sourceTree = "<group>"; };
		D682EEB4800437581B15B07F /* Pods-Trail of HistoryTests.debug.xcconfig */ = {isa = PBXFileReference; includeInIndex = 1; lastKnownFileType = text.xcconfig; name = "Pods-Trail of HistoryTests.debug.xcconfig"; path = "Pods/Target Support Files/Pods-Trail of HistoryTests/Pods-Trail of HistoryTests.debug.xcconfig"; sourceTree = "<group>"; };
		DF1AC2B6797C6DCB2E0EB293 /* Pods-Trail of History.debug.xcconfig */ = {isa = PBXFileReference; includeInIndex = 1; lastKnownFileType = text.xcconfig; name = "Pods-Trail of History.debug.xcconfig"; path = "Pods/Target Support Files/Pods-Trail of History/Pods-Trail of History.debug.xcconfig"; sourceTree = "<group>"; };
		E782C1F1E94857E57798C11C /* libPods-Trail of HistoryTests.a */ = {isa = PBXFileReference; explicitFileType = archive.ar; includeInIndex = 0; path = "libPods-Trail of HistoryTests.a"; sourceTree = BUILT_PRODUCTS_DIR; };
/* End PBXFileReference section */

/* Begin PBXFrameworksBuildPhase section */
		4D8B76451C97944300A70B71 /* Frameworks */ = {
			isa = PBXFrameworksBuildPhase;
			buildActionMask = 2147483647;
			files = (
				D55DD5497ED6E9DC2DE818A2 /* libPods-Trail of History.a in Frameworks */,
			);
			runOnlyForDeploymentPostprocessing = 0;
		};
		4D8B765C1C97944300A70B71 /* Frameworks */ = {
			isa = PBXFrameworksBuildPhase;
			buildActionMask = 2147483647;
			files = (
				7D9743FF95FCFD7F1D1FBC6C /* libPods-Trail of HistoryTests.a in Frameworks */,
			);
			runOnlyForDeploymentPostprocessing = 0;
		};
		4D8B76671C97944300A70B71 /* Frameworks */ = {
			isa = PBXFrameworksBuildPhase;
			buildActionMask = 2147483647;
			files = (
				42E1C09876C221133E64278A /* libPods-Trail of HistoryUITests.a in Frameworks */,
			);
			runOnlyForDeploymentPostprocessing = 0;
		};
/* End PBXFrameworksBuildPhase section */

/* Begin PBXGroup section */
		0C01F50A1D63DDCB005C6284 /* Resources */ = {
			isa = PBXGroup;
			children = (
				4D8B765A1C97944300A70B71 /* Info.plist */,
				4D8B76551C97944300A70B71 /* Assets.xcassets */,
				0C01F5121D63E0D1005C6284 /* Main.storyboard */,
				4D8B76571C97944300A70B71 /* LaunchScreen.storyboard */,
			);
			name = Resources;
			sourceTree = "<group>";
		};
		0C01F50B1D63DDDE005C6284 /* List View */ = {
			isa = PBXGroup;
			children = (
				4D8B764F1C97944300A70B71 /* List.storyboard */,
				4D8B764D1C97944300A70B71 /* ListViewController.swift */,
			);
			name = "List View";
			sourceTree = "<group>";
		};
		0C01F50C1D63DDF1005C6284 /* Map View */ = {
			isa = PBXGroup;
			children = (
				0C01F5101D63DE79005C6284 /* Map.storyboard */,
			);
			name = "Map View";
			sourceTree = "<group>";
		};
		0C01F50D1D63DDF6005C6284 /* Detail View */ = {
			isa = PBXGroup;
			children = (
				0C01F50E1D63DE30005C6284 /* Detail.storyboard */,
			);
			name = "Detail View";
			sourceTree = "<group>";
		};
		0C01F5141D63E135005C6284 /* Common */ = {
			isa = PBXGroup;
			children = (
				0C01F5151D63E144005C6284 /* UI */,
			);
			name = Common;
			sourceTree = "<group>";
		};
		0C01F5151D63E144005C6284 /* UI */ = {
			isa = PBXGroup;
			children = (
				0C01F5161D63E163005C6284 /* UIColor+CustomColors.swift */,
			);
			name = UI;
			sourceTree = "<group>";
		};
		4772507069A06ACD748E5F1E /* Pods */ = {
			isa = PBXGroup;
			children = (
				DF1AC2B6797C6DCB2E0EB293 /* Pods-Trail of History.debug.xcconfig */,
				76AF73CDE538ABAF63E8AF80 /* Pods-Trail of History.release.xcconfig */,
				D682EEB4800437581B15B07F /* Pods-Trail of HistoryTests.debug.xcconfig */,
				BE93A2DEF2E24A01E153EF71 /* Pods-Trail of HistoryTests.release.xcconfig */,
				B871060422552ADBD224313B /* Pods-Trail of HistoryUITests.debug.xcconfig */,
				1AE6F9D0FBB3617FE62EAA1E /* Pods-Trail of HistoryUITests.release.xcconfig */,
			);
			name = Pods;
			sourceTree = "<group>";
		};
		4D8B763F1C97944300A70B71 = {
			isa = PBXGroup;
			children = (
				4D8B764A1C97944300A70B71 /* Trail of History */,
				4D8B76621C97944300A70B71 /* Trail of HistoryTests */,
				4D8B766D1C97944300A70B71 /* Trail of HistoryUITests */,
				4D8B76491C97944300A70B71 /* Products */,
				4772507069A06ACD748E5F1E /* Pods */,
				CE040477E16C7959DA2A43C0 /* Frameworks */,
			);
			sourceTree = "<group>";
		};
		4D8B76491C97944300A70B71 /* Products */ = {
			isa = PBXGroup;
			children = (
				4D8B76481C97944300A70B71 /* Trail of History.app */,
				4D8B765F1C97944300A70B71 /* Trail of HistoryTests.xctest */,
				4D8B766A1C97944300A70B71 /* Trail of HistoryUITests.xctest */,
			);
			name = Products;
			sourceTree = "<group>";
		};
		4D8B764A1C97944300A70B71 /* Trail of History */ = {
			isa = PBXGroup;
			children = (
				4D8B764B1C97944300A70B71 /* AppDelegate.swift */,
				0C01F50A1D63DDCB005C6284 /* Resources */,
				0C01F5141D63E135005C6284 /* Common */,
				0C01F50D1D63DDF6005C6284 /* Detail View */,
				0C01F50C1D63DDF1005C6284 /* Map View */,
				0C01F50B1D63DDDE005C6284 /* List View */,
				4D8B76521C97944300A70B71 /* Trail_of_History.xcdatamodeld */,
				57F40B2F1D7BE8E0005C0895 /* Model */,
			);
			path = "Trail of History";
			sourceTree = "<group>";
		};
		4D8B76621C97944300A70B71 /* Trail of HistoryTests */ = {
			isa = PBXGroup;
			children = (
				4D8B76631C97944300A70B71 /* Trail_of_HistoryTests.swift */,
				4D8B76651C97944300A70B71 /* Info.plist */,
			);
			path = "Trail of HistoryTests";
			sourceTree = "<group>";
		};
		4D8B766D1C97944300A70B71 /* Trail of HistoryUITests */ = {
			isa = PBXGroup;
			children = (
				4D8B766E1C97944300A70B71 /* Trail_of_HistoryUITests.swift */,
				4D8B76701C97944300A70B71 /* Info.plist */,
			);
			path = "Trail of HistoryUITests";
			sourceTree = "<group>";
		};
		57F40B2F1D7BE8E0005C0895 /* Model */ = {
			isa = PBXGroup;
			children = (
				57F40B2D1D7BE47D005C0895 /* PointOfInterest.swift */,
			);
			name = Model;
			sourceTree = "<group>";
		};
		CE040477E16C7959DA2A43C0 /* Frameworks */ = {
			isa = PBXGroup;
			children = (
				B0F4A62E84B6CADF0D87F52E /* libPods-Trail of History.a */,
				E782C1F1E94857E57798C11C /* libPods-Trail of HistoryTests.a */,
				6819F683BC7B57D1B038577B /* libPods-Trail of HistoryUITests.a */,
			);
			name = Frameworks;
			sourceTree = "<group>";
		};
/* End PBXGroup section */

/* Begin PBXNativeTarget section */
		4D8B76471C97944300A70B71 /* Trail of History */ = {
			isa = PBXNativeTarget;
			buildConfigurationList = 4D8B76731C97944300A70B71 /* Build configuration list for PBXNativeTarget "Trail of History" */;
			buildPhases = (
				9AF7415E1D1C968A7AB15FCD /* [CP] Check Pods Manifest.lock */,
				4D8B76441C97944300A70B71 /* Sources */,
				4D8B76451C97944300A70B71 /* Frameworks */,
				4D8B76461C97944300A70B71 /* Resources */,
				E48DE0045B2A8BD995C112EA /* [CP] Embed Pods Frameworks */,
				AB92EBD5A4D200C3FBCA6FB0 /* [CP] Copy Pods Resources */,
			);
			buildRules = (
			);
			dependencies = (
			);
			name = "Trail of History";
			productName = "Trail of History";
			productReference = 4D8B76481C97944300A70B71 /* Trail of History.app */;
			productType = "com.apple.product-type.application";
		};
		4D8B765E1C97944300A70B71 /* Trail of HistoryTests */ = {
			isa = PBXNativeTarget;
			buildConfigurationList = 4D8B76761C97944300A70B71 /* Build configuration list for PBXNativeTarget "Trail of HistoryTests" */;
			buildPhases = (
				7971FF37FCD937E2155BF797 /* [CP] Check Pods Manifest.lock */,
				4D8B765B1C97944300A70B71 /* Sources */,
				4D8B765C1C97944300A70B71 /* Frameworks */,
				4D8B765D1C97944300A70B71 /* Resources */,
				265CD6337D4DCF874A8D6298 /* [CP] Embed Pods Frameworks */,
				E6B7CF2FE976E0BEA6654383 /* [CP] Copy Pods Resources */,
			);
			buildRules = (
			);
			dependencies = (
				4D8B76611C97944300A70B71 /* PBXTargetDependency */,
			);
			name = "Trail of HistoryTests";
			productName = "Trail of HistoryTests";
			productReference = 4D8B765F1C97944300A70B71 /* Trail of HistoryTests.xctest */;
			productType = "com.apple.product-type.bundle.unit-test";
		};
		4D8B76691C97944300A70B71 /* Trail of HistoryUITests */ = {
			isa = PBXNativeTarget;
			buildConfigurationList = 4D8B76791C97944300A70B71 /* Build configuration list for PBXNativeTarget "Trail of HistoryUITests" */;
			buildPhases = (
				DCF8CEBA27A51CB180E7CACF /* [CP] Check Pods Manifest.lock */,
				4D8B76661C97944300A70B71 /* Sources */,
				4D8B76671C97944300A70B71 /* Frameworks */,
				4D8B76681C97944300A70B71 /* Resources */,
				30B55B9E5C0F70E47936469E /* [CP] Copy Pods Resources */,
			);
			buildRules = (
			);
			dependencies = (
				4D8B766C1C97944300A70B71 /* PBXTargetDependency */,
			);
			name = "Trail of HistoryUITests";
			productName = "Trail of HistoryUITests";
			productReference = 4D8B766A1C97944300A70B71 /* Trail of HistoryUITests.xctest */;
			productType = "com.apple.product-type.bundle.ui-testing";
		};
/* End PBXNativeTarget section */

/* Begin PBXProject section */
		4D8B76401C97944300A70B71 /* Project object */ = {
			isa = PBXProject;
			attributes = {
				LastSwiftUpdateCheck = 0720;
				LastUpgradeCheck = 0720;
				ORGANIZATIONNAME = "CLT Mobile";
				TargetAttributes = {
					4D8B76471C97944300A70B71 = {
						CreatedOnToolsVersion = 7.2.1;
					};
					4D8B765E1C97944300A70B71 = {
						CreatedOnToolsVersion = 7.2.1;
						TestTargetID = 4D8B76471C97944300A70B71;
					};
					4D8B76691C97944300A70B71 = {
						CreatedOnToolsVersion = 7.2.1;
						TestTargetID = 4D8B76471C97944300A70B71;
					};
				};
			};
			buildConfigurationList = 4D8B76431C97944300A70B71 /* Build configuration list for PBXProject "Trail of History" */;
			compatibilityVersion = "Xcode 3.2";
			developmentRegion = English;
			hasScannedForEncodings = 0;
			knownRegions = (
				en,
				Base,
			);
			mainGroup = 4D8B763F1C97944300A70B71;
			productRefGroup = 4D8B76491C97944300A70B71 /* Products */;
			projectDirPath = "";
			projectRoot = "";
			targets = (
				4D8B76471C97944300A70B71 /* Trail of History */,
				4D8B765E1C97944300A70B71 /* Trail of HistoryTests */,
				4D8B76691C97944300A70B71 /* Trail of HistoryUITests */,
			);
		};
/* End PBXProject section */

/* Begin PBXResourcesBuildPhase section */
		4D8B76461C97944300A70B71 /* Resources */ = {
			isa = PBXResourcesBuildPhase;
			buildActionMask = 2147483647;
			files = (
				4D8B76591C97944300A70B71 /* LaunchScreen.storyboard in Resources */,
				4D8B76561C97944300A70B71 /* Assets.xcassets in Resources */,
				0C01F5111D63DE79005C6284 /* Map.storyboard in Resources */,
				0C01F5131D63E0D1005C6284 /* Main.storyboard in Resources */,
				4D8B76511C97944300A70B71 /* List.storyboard in Resources */,
				0C01F50F1D63DE30005C6284 /* Detail.storyboard in Resources */,
			);
			runOnlyForDeploymentPostprocessing = 0;
		};
		4D8B765D1C97944300A70B71 /* Resources */ = {
			isa = PBXResourcesBuildPhase;
			buildActionMask = 2147483647;
			files = (
			);
			runOnlyForDeploymentPostprocessing = 0;
		};
		4D8B76681C97944300A70B71 /* Resources */ = {
			isa = PBXResourcesBuildPhase;
			buildActionMask = 2147483647;
			files = (
			);
			runOnlyForDeploymentPostprocessing = 0;
		};
/* End PBXResourcesBuildPhase section */

/* Begin PBXShellScriptBuildPhase section */
		265CD6337D4DCF874A8D6298 /* [CP] Embed Pods Frameworks */ = {
			isa = PBXShellScriptBuildPhase;
			buildActionMask = 2147483647;
			files = (
			);
			inputPaths = (
			);
			name = "[CP] Embed Pods Frameworks";
			outputPaths = (
			);
			runOnlyForDeploymentPostprocessing = 0;
			shellPath = /bin/sh;
			shellScript = "\"${SRCROOT}/Pods/Target Support Files/Pods-Trail of HistoryTests/Pods-Trail of HistoryTests-frameworks.sh\"\n";
			showEnvVarsInLog = 0;
		};
		30B55B9E5C0F70E47936469E /* [CP] Copy Pods Resources */ = {
			isa = PBXShellScriptBuildPhase;
			buildActionMask = 2147483647;
			files = (
			);
			inputPaths = (
			);
			name = "[CP] Copy Pods Resources";
			outputPaths = (
			);
			runOnlyForDeploymentPostprocessing = 0;
			shellPath = /bin/sh;
			shellScript = "\"${SRCROOT}/Pods/Target Support Files/Pods-Trail of HistoryUITests/Pods-Trail of HistoryUITests-resources.sh\"\n";
			showEnvVarsInLog = 0;
		};
		7971FF37FCD937E2155BF797 /* [CP] Check Pods Manifest.lock */ = {
			isa = PBXShellScriptBuildPhase;
			buildActionMask = 2147483647;
			files = (
			);
			inputPaths = (
			);
			name = "[CP] Check Pods Manifest.lock";
			outputPaths = (
			);
			runOnlyForDeploymentPostprocessing = 0;
			shellPath = /bin/sh;
			shellScript = "diff \"${PODS_ROOT}/../Podfile.lock\" \"${PODS_ROOT}/Manifest.lock\" > /dev/null\nif [[ $? != 0 ]] ; then\n    cat << EOM\nerror: The sandbox is not in sync with the Podfile.lock. Run 'pod install' or update your CocoaPods installation.\nEOM\n    exit 1\nfi\n";
			showEnvVarsInLog = 0;
		};
		9AF7415E1D1C968A7AB15FCD /* [CP] Check Pods Manifest.lock */ = {
			isa = PBXShellScriptBuildPhase;
			buildActionMask = 2147483647;
			files = (
			);
			inputPaths = (
			);
			name = "[CP] Check Pods Manifest.lock";
			outputPaths = (
			);
			runOnlyForDeploymentPostprocessing = 0;
			shellPath = /bin/sh;
			shellScript = "diff \"${PODS_ROOT}/../Podfile.lock\" \"${PODS_ROOT}/Manifest.lock\" > /dev/null\nif [[ $? != 0 ]] ; then\n    cat << EOM\nerror: The sandbox is not in sync with the Podfile.lock. Run 'pod install' or update your CocoaPods installation.\nEOM\n    exit 1\nfi\n";
			showEnvVarsInLog = 0;
		};
		AB92EBD5A4D200C3FBCA6FB0 /* [CP] Copy Pods Resources */ = {
			isa = PBXShellScriptBuildPhase;
			buildActionMask = 2147483647;
			files = (
			);
			inputPaths = (
			);
			name = "[CP] Copy Pods Resources";
			outputPaths = (
			);
			runOnlyForDeploymentPostprocessing = 0;
			shellPath = /bin/sh;
			shellScript = "\"${SRCROOT}/Pods/Target Support Files/Pods-Trail of History/Pods-Trail of History-resources.sh\"\n";
			showEnvVarsInLog = 0;
		};
		DCF8CEBA27A51CB180E7CACF /* [CP] Check Pods Manifest.lock */ = {
			isa = PBXShellScriptBuildPhase;
			buildActionMask = 2147483647;
			files = (
			);
			inputPaths = (
			);
			name = "[CP] Check Pods Manifest.lock";
			outputPaths = (
			);
			runOnlyForDeploymentPostprocessing = 0;
			shellPath = /bin/sh;
			shellScript = "diff \"${PODS_ROOT}/../Podfile.lock\" \"${PODS_ROOT}/Manifest.lock\" > /dev/null\nif [[ $? != 0 ]] ; then\n    cat << EOM\nerror: The sandbox is not in sync with the Podfile.lock. Run 'pod install' or update your CocoaPods installation.\nEOM\n    exit 1\nfi\n";
			showEnvVarsInLog = 0;
		};
		E48DE0045B2A8BD995C112EA /* [CP] Embed Pods Frameworks */ = {
			isa = PBXShellScriptBuildPhase;
			buildActionMask = 2147483647;
			files = (
			);
			inputPaths = (
			);
			name = "[CP] Embed Pods Frameworks";
			outputPaths = (
			);
			runOnlyForDeploymentPostprocessing = 0;
			shellPath = /bin/sh;
			shellScript = "\"${SRCROOT}/Pods/Target Support Files/Pods-Trail of History/Pods-Trail of History-frameworks.sh\"\n";
			showEnvVarsInLog = 0;
		};
		E6B7CF2FE976E0BEA6654383 /* [CP] Copy Pods Resources */ = {
			isa = PBXShellScriptBuildPhase;
			buildActionMask = 2147483647;
			files = (
			);
			inputPaths = (
			);
			name = "[CP] Copy Pods Resources";
			outputPaths = (
			);
			runOnlyForDeploymentPostprocessing = 0;
			shellPath = /bin/sh;
			shellScript = "\"${SRCROOT}/Pods/Target Support Files/Pods-Trail of HistoryTests/Pods-Trail of HistoryTests-resources.sh\"\n";
			showEnvVarsInLog = 0;
		};
/* End PBXShellScriptBuildPhase section */

/* Begin PBXSourcesBuildPhase section */
		4D8B76441C97944300A70B71 /* Sources */ = {
			isa = PBXSourcesBuildPhase;
			buildActionMask = 2147483647;
			files = (
				4D8B764E1C97944300A70B71 /* ListViewController.swift in Sources */,
				4D8B76541C97944300A70B71 /* Trail_of_History.xcdatamodeld in Sources */,
				57F40B2E1D7BE47D005C0895 /* PointOfInterest.swift in Sources */,
				0C01F5171D63E163005C6284 /* UIColor+CustomColors.swift in Sources */,
				4D8B764C1C97944300A70B71 /* AppDelegate.swift in Sources */,
			);
			runOnlyForDeploymentPostprocessing = 0;
		};
		4D8B765B1C97944300A70B71 /* Sources */ = {
			isa = PBXSourcesBuildPhase;
			buildActionMask = 2147483647;
			files = (
				4D8B76641C97944300A70B71 /* Trail_of_HistoryTests.swift in Sources */,
			);
			runOnlyForDeploymentPostprocessing = 0;
		};
		4D8B76661C97944300A70B71 /* Sources */ = {
			isa = PBXSourcesBuildPhase;
			buildActionMask = 2147483647;
			files = (
				4D8B766F1C97944300A70B71 /* Trail_of_HistoryUITests.swift in Sources */,
			);
			runOnlyForDeploymentPostprocessing = 0;
		};
/* End PBXSourcesBuildPhase section */

/* Begin PBXTargetDependency section */
		4D8B76611C97944300A70B71 /* PBXTargetDependency */ = {
			isa = PBXTargetDependency;
			target = 4D8B76471C97944300A70B71 /* Trail of History */;
			targetProxy = 4D8B76601C97944300A70B71 /* PBXContainerItemProxy */;
		};
		4D8B766C1C97944300A70B71 /* PBXTargetDependency */ = {
			isa = PBXTargetDependency;
			target = 4D8B76471C97944300A70B71 /* Trail of History */;
			targetProxy = 4D8B766B1C97944300A70B71 /* PBXContainerItemProxy */;
		};
/* End PBXTargetDependency section */

/* Begin PBXVariantGroup section */
		4D8B764F1C97944300A70B71 /* List.storyboard */ = {
			isa = PBXVariantGroup;
			children = (
				4D8B76501C97944300A70B71 /* Base */,
			);
			name = List.storyboard;
			sourceTree = "<group>";
		};
		4D8B76571C97944300A70B71 /* LaunchScreen.storyboard */ = {
			isa = PBXVariantGroup;
			children = (
				4D8B76581C97944300A70B71 /* Base */,
			);
			name = LaunchScreen.storyboard;
			sourceTree = "<group>";
		};
/* End PBXVariantGroup section */

/* Begin XCBuildConfiguration section */
		4D8B76711C97944300A70B71 /* Debug */ = {
			isa = XCBuildConfiguration;
			buildSettings = {
				ALWAYS_SEARCH_USER_PATHS = NO;
				CLANG_CXX_LANGUAGE_STANDARD = "gnu++0x";
				CLANG_CXX_LIBRARY = "libc++";
				CLANG_ENABLE_MODULES = YES;
				CLANG_ENABLE_OBJC_ARC = YES;
				CLANG_WARN_BOOL_CONVERSION = YES;
				CLANG_WARN_CONSTANT_CONVERSION = YES;
				CLANG_WARN_DIRECT_OBJC_ISA_USAGE = YES_ERROR;
				CLANG_WARN_EMPTY_BODY = YES;
				CLANG_WARN_ENUM_CONVERSION = YES;
				CLANG_WARN_INT_CONVERSION = YES;
				CLANG_WARN_OBJC_ROOT_CLASS = YES_ERROR;
				CLANG_WARN_UNREACHABLE_CODE = YES;
				CLANG_WARN__DUPLICATE_METHOD_MATCH = YES;
				"CODE_SIGN_IDENTITY[sdk=iphoneos*]" = "iPhone Developer";
				COPY_PHASE_STRIP = NO;
				DEBUG_INFORMATION_FORMAT = dwarf;
				ENABLE_STRICT_OBJC_MSGSEND = YES;
				ENABLE_TESTABILITY = YES;
				GCC_C_LANGUAGE_STANDARD = gnu99;
				GCC_DYNAMIC_NO_PIC = NO;
				GCC_NO_COMMON_BLOCKS = YES;
				GCC_OPTIMIZATION_LEVEL = 0;
				GCC_PREPROCESSOR_DEFINITIONS = (
					"DEBUG=1",
					"$(inherited)",
				);
				GCC_WARN_64_TO_32_BIT_CONVERSION = YES;
				GCC_WARN_ABOUT_RETURN_TYPE = YES_ERROR;
				GCC_WARN_UNDECLARED_SELECTOR = YES;
				GCC_WARN_UNINITIALIZED_AUTOS = YES_AGGRESSIVE;
				GCC_WARN_UNUSED_FUNCTION = YES;
				GCC_WARN_UNUSED_VARIABLE = YES;
				IPHONEOS_DEPLOYMENT_TARGET = 9.2;
				MTL_ENABLE_DEBUG_INFO = YES;
				ONLY_ACTIVE_ARCH = YES;
				SDKROOT = iphoneos;
				SWIFT_OPTIMIZATION_LEVEL = "-Onone";
				TARGETED_DEVICE_FAMILY = "1,2";
			};
			name = Debug;
		};
		4D8B76721C97944300A70B71 /* Release */ = {
			isa = XCBuildConfiguration;
			buildSettings = {
				ALWAYS_SEARCH_USER_PATHS = NO;
				CLANG_CXX_LANGUAGE_STANDARD = "gnu++0x";
				CLANG_CXX_LIBRARY = "libc++";
				CLANG_ENABLE_MODULES = YES;
				CLANG_ENABLE_OBJC_ARC = YES;
				CLANG_WARN_BOOL_CONVERSION = YES;
				CLANG_WARN_CONSTANT_CONVERSION = YES;
				CLANG_WARN_DIRECT_OBJC_ISA_USAGE = YES_ERROR;
				CLANG_WARN_EMPTY_BODY = YES;
				CLANG_WARN_ENUM_CONVERSION = YES;
				CLANG_WARN_INT_CONVERSION = YES;
				CLANG_WARN_OBJC_ROOT_CLASS = YES_ERROR;
				CLANG_WARN_UNREACHABLE_CODE = YES;
				CLANG_WARN__DUPLICATE_METHOD_MATCH = YES;
				"CODE_SIGN_IDENTITY[sdk=iphoneos*]" = "iPhone Developer";
				COPY_PHASE_STRIP = NO;
				DEBUG_INFORMATION_FORMAT = "dwarf-with-dsym";
				ENABLE_NS_ASSERTIONS = NO;
				ENABLE_STRICT_OBJC_MSGSEND = YES;
				GCC_C_LANGUAGE_STANDARD = gnu99;
				GCC_NO_COMMON_BLOCKS = YES;
				GCC_WARN_64_TO_32_BIT_CONVERSION = YES;
				GCC_WARN_ABOUT_RETURN_TYPE = YES_ERROR;
				GCC_WARN_UNDECLARED_SELECTOR = YES;
				GCC_WARN_UNINITIALIZED_AUTOS = YES_AGGRESSIVE;
				GCC_WARN_UNUSED_FUNCTION = YES;
				GCC_WARN_UNUSED_VARIABLE = YES;
				IPHONEOS_DEPLOYMENT_TARGET = 9.2;
				MTL_ENABLE_DEBUG_INFO = NO;
				SDKROOT = iphoneos;
				TARGETED_DEVICE_FAMILY = "1,2";
				VALIDATE_PRODUCT = YES;
			};
			name = Release;
		};
		4D8B76741C97944300A70B71 /* Debug */ = {
			isa = XCBuildConfiguration;
			baseConfigurationReference = DF1AC2B6797C6DCB2E0EB293 /* Pods-Trail of History.debug.xcconfig */;
			buildSettings = {
				ASSETCATALOG_COMPILER_APPICON_NAME = AppIcon;
				INFOPLIST_FILE = "Trail of History/Info.plist";
				LD_RUNPATH_SEARCH_PATHS = "$(inherited) @executable_path/Frameworks";
				PRODUCT_BUNDLE_IDENTIFIER = "com.cltmobile.Trail-of-History";
				PRODUCT_NAME = "$(TARGET_NAME)";
			};
			name = Debug;
		};
		4D8B76751C97944300A70B71 /* Release */ = {
			isa = XCBuildConfiguration;
			baseConfigurationReference = 76AF73CDE538ABAF63E8AF80 /* Pods-Trail of History.release.xcconfig */;
			buildSettings = {
				ASSETCATALOG_COMPILER_APPICON_NAME = AppIcon;
				INFOPLIST_FILE = "Trail of History/Info.plist";
				LD_RUNPATH_SEARCH_PATHS = "$(inherited) @executable_path/Frameworks";
				PRODUCT_BUNDLE_IDENTIFIER = "com.cltmobile.Trail-of-History";
				PRODUCT_NAME = "$(TARGET_NAME)";
			};
			name = Release;
		};
		4D8B76771C97944300A70B71 /* Debug */ = {
			isa = XCBuildConfiguration;
			baseConfigurationReference = D682EEB4800437581B15B07F /* Pods-Trail of HistoryTests.debug.xcconfig */;
			buildSettings = {
				BUNDLE_LOADER = "$(TEST_HOST)";
				INFOPLIST_FILE = "Trail of HistoryTests/Info.plist";
				LD_RUNPATH_SEARCH_PATHS = "$(inherited) @executable_path/Frameworks @loader_path/Frameworks";
				PRODUCT_BUNDLE_IDENTIFIER = "com.cltmobile.Trail-of-HistoryTests";
				PRODUCT_NAME = "$(TARGET_NAME)";
				TEST_HOST = "$(BUILT_PRODUCTS_DIR)/Trail of History.app/Trail of History";
			};
			name = Debug;
		};
		4D8B76781C97944300A70B71 /* Release */ = {
			isa = XCBuildConfiguration;
			baseConfigurationReference = BE93A2DEF2E24A01E153EF71 /* Pods-Trail of HistoryTests.release.xcconfig */;
			buildSettings = {
				BUNDLE_LOADER = "$(TEST_HOST)";
				INFOPLIST_FILE = "Trail of HistoryTests/Info.plist";
				LD_RUNPATH_SEARCH_PATHS = "$(inherited) @executable_path/Frameworks @loader_path/Frameworks";
				PRODUCT_BUNDLE_IDENTIFIER = "com.cltmobile.Trail-of-HistoryTests";
				PRODUCT_NAME = "$(TARGET_NAME)";
				TEST_HOST = "$(BUILT_PRODUCTS_DIR)/Trail of History.app/Trail of History";
			};
			name = Release;
		};
		4D8B767A1C97944300A70B71 /* Debug */ = {
			isa = XCBuildConfiguration;
			baseConfigurationReference = B871060422552ADBD224313B /* Pods-Trail of HistoryUITests.debug.xcconfig */;
			buildSettings = {
				INFOPLIST_FILE = "Trail of HistoryUITests/Info.plist";
				LD_RUNPATH_SEARCH_PATHS = "$(inherited) @executable_path/Frameworks @loader_path/Frameworks";
				PRODUCT_BUNDLE_IDENTIFIER = "com.cltmobile.Trail-of-HistoryUITests";
				PRODUCT_NAME = "$(TARGET_NAME)";
				TEST_TARGET_NAME = "Trail of History";
				USES_XCTRUNNER = YES;
			};
			name = Debug;
		};
		4D8B767B1C97944300A70B71 /* Release */ = {
			isa = XCBuildConfiguration;
			baseConfigurationReference = 1AE6F9D0FBB3617FE62EAA1E /* Pods-Trail of HistoryUITests.release.xcconfig */;
			buildSettings = {
				INFOPLIST_FILE = "Trail of HistoryUITests/Info.plist";
				LD_RUNPATH_SEARCH_PATHS = "$(inherited) @executable_path/Frameworks @loader_path/Frameworks";
				PRODUCT_BUNDLE_IDENTIFIER = "com.cltmobile.Trail-of-HistoryUITests";
				PRODUCT_NAME = "$(TARGET_NAME)";
				TEST_TARGET_NAME = "Trail of History";
				USES_XCTRUNNER = YES;
			};
			name = Release;
		};
/* End XCBuildConfiguration section */

/* Begin XCConfigurationList section */
		4D8B76431C97944300A70B71 /* Build configuration list for PBXProject "Trail of History" */ = {
			isa = XCConfigurationList;
			buildConfigurations = (
				4D8B76711C97944300A70B71 /* Debug */,
				4D8B76721C97944300A70B71 /* Release */,
			);
			defaultConfigurationIsVisible = 0;
			defaultConfigurationName = Release;
		};
		4D8B76731C97944300A70B71 /* Build configuration list for PBXNativeTarget "Trail of History" */ = {
			isa = XCConfigurationList;
			buildConfigurations = (
				4D8B76741C97944300A70B71 /* Debug */,
				4D8B76751C97944300A70B71 /* Release */,
			);
			defaultConfigurationIsVisible = 0;
			defaultConfigurationName = Release;
		};
		4D8B76761C97944300A70B71 /* Build configuration list for PBXNativeTarget "Trail of HistoryTests" */ = {
			isa = XCConfigurationList;
			buildConfigurations = (
				4D8B76771C97944300A70B71 /* Debug */,
				4D8B76781C97944300A70B71 /* Release */,
			);
			defaultConfigurationIsVisible = 0;
			defaultConfigurationName = Release;
		};
		4D8B76791C97944300A70B71 /* Build configuration list for PBXNativeTarget "Trail of HistoryUITests" */ = {
			isa = XCConfigurationList;
			buildConfigurations = (
				4D8B767A1C97944300A70B71 /* Debug */,
				4D8B767B1C97944300A70B71 /* Release */,
			);
			defaultConfigurationIsVisible = 0;
			defaultConfigurationName = Release;
		};
/* End XCConfigurationList section */

/* Begin XCVersionGroup section */
		4D8B76521C97944300A70B71 /* Trail_of_History.xcdatamodeld */ = {
			isa = XCVersionGroup;
			children = (
				4D8B76531C97944300A70B71 /* Trail_of_History.xcdatamodel */,
			);
			currentVersion = 4D8B76531C97944300A70B71 /* Trail_of_History.xcdatamodel */;
			path = Trail_of_History.xcdatamodeld;
			sourceTree = "<group>";
			versionGroupType = wrapper.xcdatamodel;
		};
/* End XCVersionGroup section */
	};
	rootObject = 4D8B76401C97944300A70B71 /* Project object */;
}
